// !$*UTF8*$!
{
	archiveVersion = 1;
	classes = {
	};
	objectVersion = 50;
	objects = {

/* Begin PBXBuildFile section */
		040097B12212EC2400241D97 /* MainTabController.swift in Sources */ = {isa = PBXBuildFile; fileRef = 040097B02212EC2400241D97 /* MainTabController.swift */; };
		040097B32212FD2F00241D97 /* PartyViewController.swift in Sources */ = {isa = PBXBuildFile; fileRef = 040097B22212FD2F00241D97 /* PartyViewController.swift */; };
		040097B52212FD8000241D97 /* MemberViewController.swift in Sources */ = {isa = PBXBuildFile; fileRef = 040097B42212FD7F00241D97 /* MemberViewController.swift */; };
		0446AEB5221201540098704B /* AppDelegate.swift in Sources */ = {isa = PBXBuildFile; fileRef = 0446AEB4221201540098704B /* AppDelegate.swift */; };
		0446AEB7221201540098704B /* CreatePartyViewController.swift in Sources */ = {isa = PBXBuildFile; fileRef = 0446AEB6221201540098704B /* CreatePartyViewController.swift */; };
		0446AEBA221201540098704B /* Main.storyboard in Resources */ = {isa = PBXBuildFile; fileRef = 0446AEB8221201540098704B /* Main.storyboard */; };
		0446AEBC2212016C0098704B /* Assets.xcassets in Resources */ = {isa = PBXBuildFile; fileRef = 0446AEBB2212016C0098704B /* Assets.xcassets */; };
		0446AEBF2212016C0098704B /* LaunchScreen.storyboard in Resources */ = {isa = PBXBuildFile; fileRef = 0446AEBD2212016C0098704B /* LaunchScreen.storyboard */; };
		0446AEDC221201CF0098704B /* SFCompactDisplay-Black.otf in Resources */ = {isa = PBXBuildFile; fileRef = 0446AEC7221201CF0098704B /* SFCompactDisplay-Black.otf */; };
		0446AEDD221201CF0098704B /* SFCompactDisplay-Bold.otf in Resources */ = {isa = PBXBuildFile; fileRef = 0446AEC8221201CF0098704B /* SFCompactDisplay-Bold.otf */; };
		0446AEDE221201CF0098704B /* SFCompactDisplay-Heavy.otf in Resources */ = {isa = PBXBuildFile; fileRef = 0446AEC9221201CF0098704B /* SFCompactDisplay-Heavy.otf */; };
		0446AEDF221201CF0098704B /* SFCompactDisplay-Light.otf in Resources */ = {isa = PBXBuildFile; fileRef = 0446AECA221201CF0098704B /* SFCompactDisplay-Light.otf */; };
		0446AEE0221201CF0098704B /* SFCompactDisplay-Medium.otf in Resources */ = {isa = PBXBuildFile; fileRef = 0446AECB221201CF0098704B /* SFCompactDisplay-Medium.otf */; };
		0446AEE1221201CF0098704B /* SFCompactDisplay-Regular.otf in Resources */ = {isa = PBXBuildFile; fileRef = 0446AECC221201CF0098704B /* SFCompactDisplay-Regular.otf */; };
		0446AEE2221201CF0098704B /* SFCompactDisplay-Semibold.otf in Resources */ = {isa = PBXBuildFile; fileRef = 0446AECD221201CF0098704B /* SFCompactDisplay-Semibold.otf */; };
		0446AEE3221201CF0098704B /* SFCompactDisplay-Thin.otf in Resources */ = {isa = PBXBuildFile; fileRef = 0446AECE221201CF0098704B /* SFCompactDisplay-Thin.otf */; };
		0446AEE4221201CF0098704B /* SFCompactDisplay-Ultralight.otf in Resources */ = {isa = PBXBuildFile; fileRef = 0446AECF221201CF0098704B /* SFCompactDisplay-Ultralight.otf */; };
		0446AEE5221201CF0098704B /* SFCompactText-Bold.otf in Resources */ = {isa = PBXBuildFile; fileRef = 0446AED0221201CF0098704B /* SFCompactText-Bold.otf */; };
		0446AEE6221201CF0098704B /* SFCompactText-BoldItalic.otf in Resources */ = {isa = PBXBuildFile; fileRef = 0446AED1221201CF0098704B /* SFCompactText-BoldItalic.otf */; };
		0446AEE7221201CF0098704B /* SFCompactText-Heavy.otf in Resources */ = {isa = PBXBuildFile; fileRef = 0446AED2221201CF0098704B /* SFCompactText-Heavy.otf */; };
		0446AEE8221201CF0098704B /* SFCompactText-HeavyItalic.otf in Resources */ = {isa = PBXBuildFile; fileRef = 0446AED3221201CF0098704B /* SFCompactText-HeavyItalic.otf */; };
		0446AEE9221201CF0098704B /* SFCompactText-Light.otf in Resources */ = {isa = PBXBuildFile; fileRef = 0446AED4221201CF0098704B /* SFCompactText-Light.otf */; };
		0446AEEA221201CF0098704B /* SFCompactText-LightItalic.otf in Resources */ = {isa = PBXBuildFile; fileRef = 0446AED5221201CF0098704B /* SFCompactText-LightItalic.otf */; };
		0446AEEB221201CF0098704B /* SFCompactText-Medium.otf in Resources */ = {isa = PBXBuildFile; fileRef = 0446AED6221201CF0098704B /* SFCompactText-Medium.otf */; };
		0446AEEC221201D00098704B /* SFCompactText-MediumItalic.otf in Resources */ = {isa = PBXBuildFile; fileRef = 0446AED7221201CF0098704B /* SFCompactText-MediumItalic.otf */; };
		0446AEED221201D00098704B /* SFCompactText-Regular.otf in Resources */ = {isa = PBXBuildFile; fileRef = 0446AED8221201CF0098704B /* SFCompactText-Regular.otf */; };
		0446AEEE221201D00098704B /* SFCompactText-RegularItalic.otf in Resources */ = {isa = PBXBuildFile; fileRef = 0446AED9221201CF0098704B /* SFCompactText-RegularItalic.otf */; };
		0446AEEF221201D00098704B /* SFCompactText-Semibold.otf in Resources */ = {isa = PBXBuildFile; fileRef = 0446AEDA221201CF0098704B /* SFCompactText-Semibold.otf */; };
		0446AEF0221201D00098704B /* SFCompactText-SemiboldItalic.otf in Resources */ = {isa = PBXBuildFile; fileRef = 0446AEDB221201CF0098704B /* SFCompactText-SemiboldItalic.otf */; };
		0446AEF2221206A30098704B /* PartyTableViewCell.swift in Sources */ = {isa = PBXBuildFile; fileRef = 0446AEF1221206A30098704B /* PartyTableViewCell.swift */; };
		0446AEF4221219C90098704B /* MemberTableViewCell.swift in Sources */ = {isa = PBXBuildFile; fileRef = 0446AEF3221219C90098704B /* MemberTableViewCell.swift */; };
/* End PBXBuildFile section */

/* Begin PBXFileReference section */
		040097B02212EC2400241D97 /* MainTabController.swift */ = {isa = PBXFileReference; lastKnownFileType = sourcecode.swift; path = MainTabController.swift; sourceTree = "<group>"; };
		040097B22212FD2F00241D97 /* PartyViewController.swift */ = {isa = PBXFileReference; lastKnownFileType = sourcecode.swift; path = PartyViewController.swift; sourceTree = "<group>"; };
		040097B42212FD7F00241D97 /* MemberViewController.swift */ = {isa = PBXFileReference; lastKnownFileType = sourcecode.swift; path = MemberViewController.swift; sourceTree = "<group>"; };
		0446AEB1221201540098704B /* Party.app */ = {isa = PBXFileReference; explicitFileType = wrapper.application; includeInIndex = 0; path = Party.app; sourceTree = BUILT_PRODUCTS_DIR; };
		0446AEB4221201540098704B /* AppDelegate.swift */ = {isa = PBXFileReference; lastKnownFileType = sourcecode.swift; path = AppDelegate.swift; sourceTree = "<group>"; };
		0446AEB6221201540098704B /* CreatePartyViewController.swift */ = {isa = PBXFileReference; lastKnownFileType = sourcecode.swift; path = CreatePartyViewController.swift; sourceTree = "<group>"; };
		0446AEB9221201540098704B /* Base */ = {isa = PBXFileReference; lastKnownFileType = file.storyboard; name = Base; path = Base.lproj/Main.storyboard; sourceTree = "<group>"; };
		0446AEBB2212016C0098704B /* Assets.xcassets */ = {isa = PBXFileReference; lastKnownFileType = folder.assetcatalog; path = Assets.xcassets; sourceTree = "<group>"; };
		0446AEBE2212016C0098704B /* Base */ = {isa = PBXFileReference; lastKnownFileType = file.storyboard; name = Base; path = Base.lproj/LaunchScreen.storyboard; sourceTree = "<group>"; };
		0446AEC02212016C0098704B /* Info.plist */ = {isa = PBXFileReference; lastKnownFileType = text.plist.xml; path = Info.plist; sourceTree = "<group>"; };
		0446AEC7221201CF0098704B /* SFCompactDisplay-Black.otf */ = {isa = PBXFileReference; lastKnownFileType = file; path = "SFCompactDisplay-Black.otf"; sourceTree = "<group>"; };
		0446AEC8221201CF0098704B /* SFCompactDisplay-Bold.otf */ = {isa = PBXFileReference; lastKnownFileType = file; path = "SFCompactDisplay-Bold.otf"; sourceTree = "<group>"; };
		0446AEC9221201CF0098704B /* SFCompactDisplay-Heavy.otf */ = {isa = PBXFileReference; lastKnownFileType = file; path = "SFCompactDisplay-Heavy.otf"; sourceTree = "<group>"; };
		0446AECA221201CF0098704B /* SFCompactDisplay-Light.otf */ = {isa = PBXFileReference; lastKnownFileType = file; path = "SFCompactDisplay-Light.otf"; sourceTree = "<group>"; };
		0446AECB221201CF0098704B /* SFCompactDisplay-Medium.otf */ = {isa = PBXFileReference; lastKnownFileType = file; path = "SFCompactDisplay-Medium.otf"; sourceTree = "<group>"; };
		0446AECC221201CF0098704B /* SFCompactDisplay-Regular.otf */ = {isa = PBXFileReference; lastKnownFileType = file; path = "SFCompactDisplay-Regular.otf"; sourceTree = "<group>"; };
		0446AECD221201CF0098704B /* SFCompactDisplay-Semibold.otf */ = {isa = PBXFileReference; lastKnownFileType = file; path = "SFCompactDisplay-Semibold.otf"; sourceTree = "<group>"; };
		0446AECE221201CF0098704B /* SFCompactDisplay-Thin.otf */ = {isa = PBXFileReference; lastKnownFileType = file; path = "SFCompactDisplay-Thin.otf"; sourceTree = "<group>"; };
		0446AECF221201CF0098704B /* SFCompactDisplay-Ultralight.otf */ = {isa = PBXFileReference; lastKnownFileType = file; path = "SFCompactDisplay-Ultralight.otf"; sourceTree = "<group>"; };
		0446AED0221201CF0098704B /* SFCompactText-Bold.otf */ = {isa = PBXFileReference; lastKnownFileType = file; path = "SFCompactText-Bold.otf"; sourceTree = "<group>"; };
		0446AED1221201CF0098704B /* SFCompactText-BoldItalic.otf */ = {isa = PBXFileReference; lastKnownFileType = file; path = "SFCompactText-BoldItalic.otf"; sourceTree = "<group>"; };
		0446AED2221201CF0098704B /* SFCompactText-Heavy.otf */ = {isa = PBXFileReference; lastKnownFileType = file; path = "SFCompactText-Heavy.otf"; sourceTree = "<group>"; };
		0446AED3221201CF0098704B /* SFCompactText-HeavyItalic.otf */ = {isa = PBXFileReference; lastKnownFileType = file; path = "SFCompactText-HeavyItalic.otf"; sourceTree = "<group>"; };
		0446AED4221201CF0098704B /* SFCompactText-Light.otf */ = {isa = PBXFileReference; lastKnownFileType = file; path = "SFCompactText-Light.otf"; sourceTree = "<group>"; };
		0446AED5221201CF0098704B /* SFCompactText-LightItalic.otf */ = {isa = PBXFileReference; lastKnownFileType = file; path = "SFCompactText-LightItalic.otf"; sourceTree = "<group>"; };
		0446AED6221201CF0098704B /* SFCompactText-Medium.otf */ = {isa = PBXFileReference; lastKnownFileType = file; path = "SFCompactText-Medium.otf"; sourceTree = "<group>"; };
		0446AED7221201CF0098704B /* SFCompactText-MediumItalic.otf */ = {isa = PBXFileReference; lastKnownFileType = file; path = "SFCompactText-MediumItalic.otf"; sourceTree = "<group>"; };
		0446AED8221201CF0098704B /* SFCompactText-Regular.otf */ = {isa = PBXFileReference; lastKnownFileType = file; path = "SFCompactText-Regular.otf"; sourceTree = "<group>"; };
		0446AED9221201CF0098704B /* SFCompactText-RegularItalic.otf */ = {isa = PBXFileReference; lastKnownFileType = file; path = "SFCompactText-RegularItalic.otf"; sourceTree = "<group>"; };
		0446AEDA221201CF0098704B /* SFCompactText-Semibold.otf */ = {isa = PBXFileReference; lastKnownFileType = file; path = "SFCompactText-Semibold.otf"; sourceTree = "<group>"; };
		0446AEDB221201CF0098704B /* SFCompactText-SemiboldItalic.otf */ = {isa = PBXFileReference; lastKnownFileType = file; path = "SFCompactText-SemiboldItalic.otf"; sourceTree = "<group>"; };
		0446AEF1221206A30098704B /* PartyTableViewCell.swift */ = {isa = PBXFileReference; lastKnownFileType = sourcecode.swift; path = PartyTableViewCell.swift; sourceTree = "<group>"; };
		0446AEF3221219C90098704B /* MemberTableViewCell.swift */ = {isa = PBXFileReference; lastKnownFileType = sourcecode.swift; path = MemberTableViewCell.swift; sourceTree = "<group>"; };
/* End PBXFileReference section */

/* Begin PBXFrameworksBuildPhase section */
		0446AEAE221201540098704B /* Frameworks */ = {
			isa = PBXFrameworksBuildPhase;
			buildActionMask = 2147483647;
			files = (
			);
			runOnlyForDeploymentPostprocessing = 0;
		};
/* End PBXFrameworksBuildPhase section */

/* Begin PBXGroup section */
		0446AEA8221201540098704B = {
			isa = PBXGroup;
			children = (
				0446AEB3221201540098704B /* Party */,
				0446AEB2221201540098704B /* Products */,
			);
			sourceTree = "<group>";
		};
		0446AEB2221201540098704B /* Products */ = {
			isa = PBXGroup;
			children = (
				0446AEB1221201540098704B /* Party.app */,
			);
			name = Products;
			sourceTree = "<group>";
		};
		0446AEB3221201540098704B /* Party */ = {
			isa = PBXGroup;
			children = (
				0446AEB4221201540098704B /* AppDelegate.swift */,
				0446AEB6221201540098704B /* CreatePartyViewController.swift */,
				0446AEB8221201540098704B /* Main.storyboard */,
				040097B22212FD2F00241D97 /* PartyViewController.swift */,
				040097B42212FD7F00241D97 /* MemberViewController.swift */,
				040097B02212EC2400241D97 /* MainTabController.swift */,
				0446AEF3221219C90098704B /* MemberTableViewCell.swift */,
				0446AEF1221206A30098704B /* PartyTableViewCell.swift */,
				0446AEBB2212016C0098704B /* Assets.xcassets */,
				0446AEBD2212016C0098704B /* LaunchScreen.storyboard */,
				0446AEC02212016C0098704B /* Info.plist */,
				0446AEC6221201CF0098704B /* SF Compact */,
			);
			path = Party;
			sourceTree = "<group>";
		};
		0446AEC6221201CF0098704B /* SF Compact */ = {
			isa = PBXGroup;
			children = (
				0446AEC7221201CF0098704B /* SFCompactDisplay-Black.otf */,
				0446AEC8221201CF0098704B /* SFCompactDisplay-Bold.otf */,
				0446AEC9221201CF0098704B /* SFCompactDisplay-Heavy.otf */,
				0446AECA221201CF0098704B /* SFCompactDisplay-Light.otf */,
				0446AECB221201CF0098704B /* SFCompactDisplay-Medium.otf */,
				0446AECC221201CF0098704B /* SFCompactDisplay-Regular.otf */,
				0446AECD221201CF0098704B /* SFCompactDisplay-Semibold.otf */,
				0446AECE221201CF0098704B /* SFCompactDisplay-Thin.otf */,
				0446AECF221201CF0098704B /* SFCompactDisplay-Ultralight.otf */,
				0446AED0221201CF0098704B /* SFCompactText-Bold.otf */,
				0446AED1221201CF0098704B /* SFCompactText-BoldItalic.otf */,
				0446AED2221201CF0098704B /* SFCompactText-Heavy.otf */,
				0446AED3221201CF0098704B /* SFCompactText-HeavyItalic.otf */,
				0446AED4221201CF0098704B /* SFCompactText-Light.otf */,
				0446AED5221201CF0098704B /* SFCompactText-LightItalic.otf */,
				0446AED6221201CF0098704B /* SFCompactText-Medium.otf */,
				0446AED7221201CF0098704B /* SFCompactText-MediumItalic.otf */,
				0446AED8221201CF0098704B /* SFCompactText-Regular.otf */,
				0446AED9221201CF0098704B /* SFCompactText-RegularItalic.otf */,
				0446AEDA221201CF0098704B /* SFCompactText-Semibold.otf */,
				0446AEDB221201CF0098704B /* SFCompactText-SemiboldItalic.otf */,
			);
			path = "SF Compact";
			sourceTree = "<group>";
		};
/* End PBXGroup section */

/* Begin PBXNativeTarget section */
		0446AEB0221201540098704B /* Party */ = {
			isa = PBXNativeTarget;
			buildConfigurationList = 0446AEC32212016C0098704B /* Build configuration list for PBXNativeTarget "Party" */;
			buildPhases = (
				0446AEAD221201540098704B /* Sources */,
				0446AEAE221201540098704B /* Frameworks */,
				0446AEAF221201540098704B /* Resources */,
			);
			buildRules = (
			);
			dependencies = (
			);
			name = Party;
			productName = Party;
			productReference = 0446AEB1221201540098704B /* Party.app */;
			productType = "com.apple.product-type.application";
		};
/* End PBXNativeTarget section */

/* Begin PBXProject section */
		0446AEA9221201540098704B /* Project object */ = {
			isa = PBXProject;
			attributes = {
				LastSwiftUpdateCheck = 1010;
				LastUpgradeCheck = 1010;
				ORGANIZATIONNAME = Kristina;
				TargetAttributes = {
					0446AEB0221201540098704B = {
						CreatedOnToolsVersion = 10.1;
					};
				};
			};
			buildConfigurationList = 0446AEAC221201540098704B /* Build configuration list for PBXProject "Party" */;
			compatibilityVersion = "Xcode 9.3";
			developmentRegion = en;
			hasScannedForEncodings = 0;
			knownRegions = (
				en,
				Base,
			);
			mainGroup = 0446AEA8221201540098704B;
			productRefGroup = 0446AEB2221201540098704B /* Products */;
			projectDirPath = "";
			projectRoot = "";
			targets = (
				0446AEB0221201540098704B /* Party */,
			);
		};
/* End PBXProject section */

/* Begin PBXResourcesBuildPhase section */
		0446AEAF221201540098704B /* Resources */ = {
			isa = PBXResourcesBuildPhase;
			buildActionMask = 2147483647;
			files = (
				0446AEE6221201CF0098704B /* SFCompactText-BoldItalic.otf in Resources */,
				0446AEEB221201CF0098704B /* SFCompactText-Medium.otf in Resources */,
				0446AEDF221201CF0098704B /* SFCompactDisplay-Light.otf in Resources */,
				0446AEE9221201CF0098704B /* SFCompactText-Light.otf in Resources */,
				0446AEE4221201CF0098704B /* SFCompactDisplay-Ultralight.otf in Resources */,
				0446AEE3221201CF0098704B /* SFCompactDisplay-Thin.otf in Resources */,
				0446AEDD221201CF0098704B /* SFCompactDisplay-Bold.otf in Resources */,
				0446AEBF2212016C0098704B /* LaunchScreen.storyboard in Resources */,
				0446AEDC221201CF0098704B /* SFCompactDisplay-Black.otf in Resources */,
				0446AEDE221201CF0098704B /* SFCompactDisplay-Heavy.otf in Resources */,
				0446AEEC221201D00098704B /* SFCompactText-MediumItalic.otf in Resources */,
				0446AEBC2212016C0098704B /* Assets.xcassets in Resources */,
				0446AEF0221201D00098704B /* SFCompactText-SemiboldItalic.otf in Resources */,
				0446AEEF221201D00098704B /* SFCompactText-Semibold.otf in Resources */,
				0446AEE8221201CF0098704B /* SFCompactText-HeavyItalic.otf in Resources */,
				0446AEE5221201CF0098704B /* SFCompactText-Bold.otf in Resources */,
				0446AEEE221201D00098704B /* SFCompactText-RegularItalic.otf in Resources */,
				0446AEED221201D00098704B /* SFCompactText-Regular.otf in Resources */,
				0446AEE7221201CF0098704B /* SFCompactText-Heavy.otf in Resources */,
				0446AEE0221201CF0098704B /* SFCompactDisplay-Medium.otf in Resources */,
				0446AEEA221201CF0098704B /* SFCompactText-LightItalic.otf in Resources */,
				0446AEE1221201CF0098704B /* SFCompactDisplay-Regular.otf in Resources */,
				0446AEE2221201CF0098704B /* SFCompactDisplay-Semibold.otf in Resources */,
				0446AEBA221201540098704B /* Main.storyboard in Resources */,
			);
			runOnlyForDeploymentPostprocessing = 0;
		};
/* End PBXResourcesBuildPhase section */

/* Begin PBXSourcesBuildPhase section */
		0446AEAD221201540098704B /* Sources */ = {
			isa = PBXSourcesBuildPhase;
			buildActionMask = 2147483647;
			files = (
				0446AEB7221201540098704B /* CreatePartyViewController.swift in Sources */,
				040097B52212FD8000241D97 /* MemberViewController.swift in Sources */,
				040097B32212FD2F00241D97 /* PartyViewController.swift in Sources */,
				0446AEF2221206A30098704B /* PartyTableViewCell.swift in Sources */,
				040097B12212EC2400241D97 /* MainTabController.swift in Sources */,
				0446AEB5221201540098704B /* AppDelegate.swift in Sources */,
				0446AEF4221219C90098704B /* MemberTableViewCell.swift in Sources */,
			);
			runOnlyForDeploymentPostprocessing = 0;
		};
/* End PBXSourcesBuildPhase section */

/* Begin PBXVariantGroup section */
		0446AEB8221201540098704B /* Main.storyboard */ = {
			isa = PBXVariantGroup;
			children = (
				0446AEB9221201540098704B /* Base */,
			);
			name = Main.storyboard;
			sourceTree = "<group>";
		};
		0446AEBD2212016C0098704B /* LaunchScreen.storyboard */ = {
			isa = PBXVariantGroup;
			children = (
				0446AEBE2212016C0098704B /* Base */,
			);
			name = LaunchScreen.storyboard;
			sourceTree = "<group>";
		};
/* End PBXVariantGroup section */

/* Begin XCBuildConfiguration section */
		0446AEC12212016C0098704B /* Debug */ = {
			isa = XCBuildConfiguration;
			buildSettings = {
				ALWAYS_SEARCH_USER_PATHS = NO;
				CLANG_ANALYZER_NONNULL = YES;
				CLANG_ANALYZER_NUMBER_OBJECT_CONVERSION = YES_AGGRESSIVE;
				CLANG_CXX_LANGUAGE_STANDARD = "gnu++14";
				CLANG_CXX_LIBRARY = "libc++";
				CLANG_ENABLE_MODULES = YES;
				CLANG_ENABLE_OBJC_ARC = YES;
				CLANG_ENABLE_OBJC_WEAK = YES;
				CLANG_WARN_BLOCK_CAPTURE_AUTORELEASING = YES;
				CLANG_WARN_BOOL_CONVERSION = YES;
				CLANG_WARN_COMMA = YES;
				CLANG_WARN_CONSTANT_CONVERSION = YES;
				CLANG_WARN_DEPRECATED_OBJC_IMPLEMENTATIONS = YES;
				CLANG_WARN_DIRECT_OBJC_ISA_USAGE = YES_ERROR;
				CLANG_WARN_DOCUMENTATION_COMMENTS = YES;
				CLANG_WARN_EMPTY_BODY = YES;
				CLANG_WARN_ENUM_CONVERSION = YES;
				CLANG_WARN_INFINITE_RECURSION = YES;
				CLANG_WARN_INT_CONVERSION = YES;
				CLANG_WARN_NON_LITERAL_NULL_CONVERSION = YES;
				CLANG_WARN_OBJC_IMPLICIT_RETAIN_SELF = YES;
				CLANG_WARN_OBJC_LITERAL_CONVERSION = YES;
				CLANG_WARN_OBJC_ROOT_CLASS = YES_ERROR;
				CLANG_WARN_RANGE_LOOP_ANALYSIS = YES;
				CLANG_WARN_STRICT_PROTOTYPES = YES;
				CLANG_WARN_SUSPICIOUS_MOVE = YES;
				CLANG_WARN_UNGUARDED_AVAILABILITY = YES_AGGRESSIVE;
				CLANG_WARN_UNREACHABLE_CODE = YES;
				CLANG_WARN__DUPLICATE_METHOD_MATCH = YES;
				CODE_SIGN_IDENTITY = "iPhone Developer";
				COPY_PHASE_STRIP = NO;
				DEBUG_INFORMATION_FORMAT = dwarf;
				ENABLE_STRICT_OBJC_MSGSEND = YES;
				ENABLE_TESTABILITY = YES;
				GCC_C_LANGUAGE_STANDARD = gnu11;
				GCC_DYNAMIC_NO_PIC = NO;
				GCC_NO_COMMON_BLOCKS = YES;
				GCC_OPTIMIZATION_LEVEL = 0;
				GCC_PREPROCESSOR_DEFINITIONS = (
					"DEBUG=1",
					"$(inherited)",
				);
				GCC_WARN_64_TO_32_BIT_CONVERSION = YES;
				GCC_WARN_ABOUT_RETURN_TYPE = YES_ERROR;
				GCC_WARN_UNDECLARED_SELECTOR = YES;
				GCC_WARN_UNINITIALIZED_AUTOS = YES_AGGRESSIVE;
				GCC_WARN_UNUSED_FUNCTION = YES;
				GCC_WARN_UNUSED_VARIABLE = YES;
				IPHONEOS_DEPLOYMENT_TARGET = 12.1;
				MTL_ENABLE_DEBUG_INFO = INCLUDE_SOURCE;
				MTL_FAST_MATH = YES;
				ONLY_ACTIVE_ARCH = YES;
				SDKROOT = iphoneos;
				SWIFT_ACTIVE_COMPILATION_CONDITIONS = DEBUG;
				SWIFT_OPTIMIZATION_LEVEL = "-Onone";
			};
			name = Debug;
		};
		0446AEC22212016C0098704B /* Release */ = {
			isa = XCBuildConfiguration;
			buildSettings = {
				ALWAYS_SEARCH_USER_PATHS = NO;
				CLANG_ANALYZER_NONNULL = YES;
				CLANG_ANALYZER_NUMBER_OBJECT_CONVERSION = YES_AGGRESSIVE;
				CLANG_CXX_LANGUAGE_STANDARD = "gnu++14";
				CLANG_CXX_LIBRARY = "libc++";
				CLANG_ENABLE_MODULES = YES;
				CLANG_ENABLE_OBJC_ARC = YES;
				CLANG_ENABLE_OBJC_WEAK = YES;
				CLANG_WARN_BLOCK_CAPTURE_AUTORELEASING = YES;
				CLANG_WARN_BOOL_CONVERSION = YES;
				CLANG_WARN_COMMA = YES;
				CLANG_WARN_CONSTANT_CONVERSION = YES;
				CLANG_WARN_DEPRECATED_OBJC_IMPLEMENTATIONS = YES;
				CLANG_WARN_DIRECT_OBJC_ISA_USAGE = YES_ERROR;
				CLANG_WARN_DOCUMENTATION_COMMENTS = YES;
				CLANG_WARN_EMPTY_BODY = YES;
				CLANG_WARN_ENUM_CONVERSION = YES;
				CLANG_WARN_INFINITE_RECURSION = YES;
				CLANG_WARN_INT_CONVERSION = YES;
				CLANG_WARN_NON_LITERAL_NULL_CONVERSION = YES;
				CLANG_WARN_OBJC_IMPLICIT_RETAIN_SELF = YES;
				CLANG_WARN_OBJC_LITERAL_CONVERSION = YES;
				CLANG_WARN_OBJC_ROOT_CLASS = YES_ERROR;
				CLANG_WARN_RANGE_LOOP_ANALYSIS = YES;
				CLANG_WARN_STRICT_PROTOTYPES = YES;
				CLANG_WARN_SUSPICIOUS_MOVE = YES;
				CLANG_WARN_UNGUARDED_AVAILABILITY = YES_AGGRESSIVE;
				CLANG_WARN_UNREACHABLE_CODE = YES;
				CLANG_WARN__DUPLICATE_METHOD_MATCH = YES;
				CODE_SIGN_IDENTITY = "iPhone Developer";
				COPY_PHASE_STRIP = NO;
				DEBUG_INFORMATION_FORMAT = "dwarf-with-dsym";
				ENABLE_NS_ASSERTIONS = NO;
				ENABLE_STRICT_OBJC_MSGSEND = YES;
				GCC_C_LANGUAGE_STANDARD = gnu11;
				GCC_NO_COMMON_BLOCKS = YES;
				GCC_WARN_64_TO_32_BIT_CONVERSION = YES;
				GCC_WARN_ABOUT_RETURN_TYPE = YES_ERROR;
				GCC_WARN_UNDECLARED_SELECTOR = YES;
				GCC_WARN_UNINITIALIZED_AUTOS = YES_AGGRESSIVE;
				GCC_WARN_UNUSED_FUNCTION = YES;
				GCC_WARN_UNUSED_VARIABLE = YES;
				IPHONEOS_DEPLOYMENT_TARGET = 12.1;
				MTL_ENABLE_DEBUG_INFO = NO;
				MTL_FAST_MATH = YES;
				SDKROOT = iphoneos;
				SWIFT_COMPILATION_MODE = wholemodule;
				SWIFT_OPTIMIZATION_LEVEL = "-O";
				VALIDATE_PRODUCT = YES;
			};
			name = Release;
		};
		0446AEC42212016C0098704B /* Debug */ = {
			isa = XCBuildConfiguration;
			buildSettings = {
				ASSETCATALOG_COMPILER_APPICON_NAME = AppIcon;
				CODE_SIGN_STYLE = Automatic;
				INFOPLIST_FILE = Party/Info.plist;
				LD_RUNPATH_SEARCH_PATHS = (
					"$(inherited)",
					"@executable_path/Frameworks",
				);
				PRODUCT_BUNDLE_IDENTIFIER = com.kristina.Party;
				PRODUCT_NAME = "$(TARGET_NAME)";
				SWIFT_VERSION = 4.2;
				TARGETED_DEVICE_FAMILY = "1,2";
			};
			name = Debug;
		};
		0446AEC52212016C0098704B /* Release */ = {
			isa = XCBuildConfiguration;
			buildSettings = {
				ASSETCATALOG_COMPILER_APPICON_NAME = AppIcon;
				CODE_SIGN_STYLE = Automatic;
				INFOPLIST_FILE = Party/Info.plist;
				LD_RUNPATH_SEARCH_PATHS = (
					"$(inherited)",
					"@executable_path/Frameworks",
				);
				PRODUCT_BUNDLE_IDENTIFIER = com.kristina.Party;
				PRODUCT_NAME = "$(TARGET_NAME)";
				SWIFT_VERSION = 4.2;
				TARGETED_DEVICE_FAMILY = "1,2";
			};
			name = Release;
		};
/* End XCBuildConfiguration section */

/* Begin XCConfigurationList section */
		0446AEAC221201540098704B /* Build configuration list for PBXProject "Party" */ = {
			isa = XCConfigurationList;
			buildConfigurations = (
				0446AEC12212016C0098704B /* Debug */,
				0446AEC22212016C0098704B /* Release */,
			);
			defaultConfigurationIsVisible = 0;
			defaultConfigurationName = Release;
		};
		0446AEC32212016C0098704B /* Build configuration list for PBXNativeTarget "Party" */ = {
			isa = XCConfigurationList;
			buildConfigurations = (
				0446AEC42212016C0098704B /* Debug */,
				0446AEC52212016C0098704B /* Release */,
			);
			defaultConfigurationIsVisible = 0;
			defaultConfigurationName = Release;
		};
/* End XCConfigurationList section */
	};
	rootObject = 0446AEA9221201540098704B /* Project object */;
}
